
Microsoft Visual Studio Solution File, Format Version 12.00
# Visual Studio 2012
Project("{2150E333-8FDC-42A3-9474-1A3956D46DE8}") = "ReferenceProjects", "ReferenceProjects", "{B471EE87-D41C-4A0F-9F3E-72281EC35E8D}"
EndProject
Project("{FAE04EC0-301F-11D3-BF4B-00C04F79EFBC}") = "SignaloBot.TestParameters", "..\..\TestParameters\SignaloBot.TestParameters\SignaloBot.TestParameters.csproj", "{FCB2C97F-35C8-4D2D-B6FD-56FB61E0721C}"
EndProject
Project("{FAE04EC0-301F-11D3-BF4B-00C04F79EFBC}") = "SignaloBot.WebNotifications", "SignaloBot.WebNotifications\SignaloBot.WebNotifications.csproj", "{6BECC775-D7A3-4B5B-9309-4E0179883E14}"
EndProject
Project("{FAE04EC0-301F-11D3-BF4B-00C04F79EFBC}") = "SignaloBot.WebNotifications.Tests", "SignaloBot.WebNotifications.Tests\SignaloBot.WebNotifications.Tests.csproj", "{CA420691-548D-4739-B76E-F0231701DFCE}"
EndProject
Global
	GlobalSection(SolutionConfigurationPlatforms) = preSolution
		Debug|Any CPU = Debug|Any CPU
		Release|Any CPU = Release|Any CPU
	EndGlobalSection
	GlobalSection(ProjectConfigurationPlatforms) = postSolution
		{FCB2C97F-35C8-4D2D-B6FD-56FB61E0721C}.Debug|Any CPU.ActiveCfg = Debug|Any CPU
		{FCB2C97F-35C8-4D2D-B6FD-56FB61E0721C}.Debug|Any CPU.Build.0 = Debug|Any CPU
		{FCB2C97F-35C8-4D2D-B6FD-56FB61E0721C}.Release|Any CPU.ActiveCfg = Release|Any CPU
		{FCB2C97F-35C8-4D2D-B6FD-56FB61E0721C}.Release|Any CPU.Build.0 = Release|Any CPU
		{6BECC775-D7A3-4B5B-9309-4E0179883E14}.Debug|Any CPU.ActiveCfg = Debug|Any CPU
		{6BECC775-D7A3-4B5B-9309-4E0179883E14}.Debug|Any CPU.Build.0 = Debug|Any CPU
		{6BECC775-D7A3-4B5B-9309-4E0179883E14}.Release|Any CPU.ActiveCfg = Release|Any CPU
		{6BECC775-D7A3-4B5B-9309-4E0179883E14}.Release|Any CPU.Build.0 = Release|Any CPU
		{CA420691-548D-4739-B76E-F0231701DFCE}.Debug|Any CPU.ActiveCfg = Debug|Any CPU
		{CA420691-548D-4739-B76E-F0231701DFCE}.Debug|Any CPU.Build.0 = Debug|Any CPU
		{CA420691-548D-4739-B76E-F0231701DFCE}.Release|Any CPU.ActiveCfg = Release|Any CPU
		{CA420691-548D-4739-B76E-F0231701DFCE}.Release|Any CPU.Build.0 = Release|Any CPU
	EndGlobalSection
	GlobalSection(SolutionProperties) = preSolution
		HideSolutionNode = FALSE
	EndGlobalSection
	GlobalSection(NestedProjects) = preSolution
		{FCB2C97F-35C8-4D2D-B6FD-56FB61E0721C} = {B471EE87-D41C-4A0F-9F3E-72281EC35E8D}
	EndGlobalSection
EndGlobal
