
Microsoft Visual Studio Solution File, Format Version 12.00
# Visual Studio 2012
Project("{FAE04EC0-301F-11D3-BF4B-00C04F79EFBC}") = "SignaloBot.TestParameters", "..\TestParameters\SignaloBot.TestParameters\SignaloBot.TestParameters.csproj", "{FCB2C97F-35C8-4D2D-B6FD-56FB61E0721C}"
EndProject
Project("{2150E333-8FDC-42A3-9474-1A3956D46DE8}") = "ReferenceProjects", "ReferenceProjects", "{A781F036-5AC8-47C7-8F47-CDB74190A05B}"
EndProject
Project("{FAE04EC0-301F-11D3-BF4B-00C04F79EFBC}") = "SignaloBot.DatabaseInstaller", "SignaloBot.DatabaseInstaller\SignaloBot.DatabaseInstaller.csproj", "{378E8B07-6E26-41C6-ABFA-36A805D53934}"
EndProject
Global
	GlobalSection(SolutionConfigurationPlatforms) = preSolution
		Debug|Any CPU = Debug|Any CPU
		Release|Any CPU = Release|Any CPU
	EndGlobalSection
	GlobalSection(ProjectConfigurationPlatforms) = postSolution
		{FCB2C97F-35C8-4D2D-B6FD-56FB61E0721C}.Debug|Any CPU.ActiveCfg = Debug|Any CPU
		{FCB2C97F-35C8-4D2D-B6FD-56FB61E0721C}.Debug|Any CPU.Build.0 = Debug|Any CPU
		{FCB2C97F-35C8-4D2D-B6FD-56FB61E0721C}.Release|Any CPU.ActiveCfg = Release|Any CPU
		{FCB2C97F-35C8-4D2D-B6FD-56FB61E0721C}.Release|Any CPU.Build.0 = Release|Any CPU
		{378E8B07-6E26-41C6-ABFA-36A805D53934}.Debug|Any CPU.ActiveCfg = Debug|Any CPU
		{378E8B07-6E26-41C6-ABFA-36A805D53934}.Debug|Any CPU.Build.0 = Debug|Any CPU
		{378E8B07-6E26-41C6-ABFA-36A805D53934}.Release|Any CPU.ActiveCfg = Release|Any CPU
		{378E8B07-6E26-41C6-ABFA-36A805D53934}.Release|Any CPU.Build.0 = Release|Any CPU
	EndGlobalSection
	GlobalSection(SolutionProperties) = preSolution
		HideSolutionNode = FALSE
	EndGlobalSection
	GlobalSection(NestedProjects) = preSolution
		{FCB2C97F-35C8-4D2D-B6FD-56FB61E0721C} = {A781F036-5AC8-47C7-8F47-CDB74190A05B}
	EndGlobalSection
EndGlobal
